
Microsoft Visual Studio Solution File, Format Version 12.00
# Visual Studio 16
Project("{FAE04EC0-301F-11D3-BF4B-00C04F79EFBC}") = "Assembly-CSharp", "Assembly-CSharp.csproj", "{E5E18008-1EEA-9972-4449-46B60F04ED12}"
EndProject
Project("{FAE04EC0-301F-11D3-BF4B-00C04F79EFBC}") = "Assembly-CSharp-firstpass", "Assembly-CSharp-firstpass.csproj", "{53848A3E-7932-7E3D-5326-BB2BF385E337}"
EndProject
Project("{FAE04EC0-301F-11D3-BF4B-00C04F79EFBC}") = "Assembly-CSharp-Editor", "Assembly-CSharp-Editor.csproj", "{DAD1FFAF-9811-088D-FCAE-218A6D5DCFC2}"
EndProject
Global
	GlobalSection(SolutionConfigurationPlatforms) = preSolution
		Debug|Any CPU = Debug|Any CPU
		Release|Any CPU = Release|Any CPU
	EndGlobalSection
	GlobalSection(ProjectConfigurationPlatforms) = postSolution
		{E5E18008-1EEA-9972-4449-46B60F04ED12}.Debug|Any CPU.ActiveCfg = Debug|Any CPU
		{E5E18008-1EEA-9972-4449-46B60F04ED12}.Debug|Any CPU.Build.0 = Debug|Any CPU
		{E5E18008-1EEA-9972-4449-46B60F04ED12}.Release|Any CPU.ActiveCfg = Release|Any CPU
		{E5E18008-1EEA-9972-4449-46B60F04ED12}.Release|Any CPU.Build.0 = Release|Any CPU
		{53848A3E-7932-7E3D-5326-BB2BF385E337}.Debug|Any CPU.ActiveCfg = Debug|Any CPU
		{53848A3E-7932-7E3D-5326-BB2BF385E337}.Debug|Any CPU.Build.0 = Debug|Any CPU
		{53848A3E-7932-7E3D-5326-BB2BF385E337}.Release|Any CPU.ActiveCfg = Release|Any CPU
		{53848A3E-7932-7E3D-5326-BB2BF385E337}.Release|Any CPU.Build.0 = Release|Any CPU
		{DAD1FFAF-9811-088D-FCAE-218A6D5DCFC2}.Debug|Any CPU.ActiveCfg = Debug|Any CPU
		{DAD1FFAF-9811-088D-FCAE-218A6D5DCFC2}.Debug|Any CPU.Build.0 = Debug|Any CPU
		{DAD1FFAF-9811-088D-FCAE-218A6D5DCFC2}.Release|Any CPU.ActiveCfg = Release|Any CPU
		{DAD1FFAF-9811-088D-FCAE-218A6D5DCFC2}.Release|Any CPU.Build.0 = Release|Any CPU
	EndGlobalSection
	GlobalSection(SolutionProperties) = preSolution
		HideSolutionNode = FALSE
	EndGlobalSection
EndGlobal
